
Microsoft Visual Studio Solution File, Format Version 12.00
# Visual Studio Version 17
VisualStudioVersion = 17.2.32317.152
MinimumVisualStudioVersion = 10.0.40219.1
Project("{9A19103F-16F7-4668-BE54-9A1E7A4F7556}") = "ConsolePlayground", "Console Playground\ConsolePlayground.csproj", "{A7C15D34-7C1B-480C-88AC-D9958BBE0B4D}"
EndProject
Project("{2150E333-8FDC-42A3-9474-1A3956D46DE8}") = "Solution Items", "Solution Items", "{F4B6EFF7-E381-4273-B917-9D2D2E210316}"
	ProjectSection(SolutionItems) = preProject
		.editorconfig = .editorconfig
	EndProjectSection
EndProject
Global
	GlobalSection(SolutionConfigurationPlatforms) = preSolution
		Debug|Any CPU = Debug|Any CPU
		Release|Any CPU = Release|Any CPU
	EndGlobalSection
	GlobalSection(ProjectConfigurationPlatforms) = postSolution
		{A7C15D34-7C1B-480C-88AC-D9958BBE0B4D}.Debug|Any CPU.ActiveCfg = Debug|Any CPU
		{A7C15D34-7C1B-480C-88AC-D9958BBE0B4D}.Debug|Any CPU.Build.0 = Debug|Any CPU
		{A7C15D34-7C1B-480C-88AC-D9958BBE0B4D}.Release|Any CPU.ActiveCfg = Release|Any CPU
		{A7C15D34-7C1B-480C-88AC-D9958BBE0B4D}.Release|Any CPU.Build.0 = Release|Any CPU
	EndGlobalSection
	GlobalSection(SolutionProperties) = preSolution
		HideSolutionNode = FALSE
	EndGlobalSection
	GlobalSection(ExtensibilityGlobals) = postSolution
		SolutionGuid = {60D23639-C1DE-4106-B928-750F31AFE235}
	EndGlobalSection
EndGlobal
